
Microsoft Visual Studio Solution File, Format Version 12.00
# Visual Studio Version 17
VisualStudioVersion = 17.8.34330.188
MinimumVisualStudioVersion = 10.0.40219.1
Project("{FAE04EC0-301F-11D3-BF4B-00C04F79EFBC}") = "SingletonScopedTransient", "SingletonScopedTransient.csproj", "{9F206BE0-1899-4A03-B3D4-F76765A33E04}"
EndProject
Global
	GlobalSection(SolutionConfigurationPlatforms) = preSolution
		Debug|Any CPU = Debug|Any CPU
		Release|Any CPU = Release|Any CPU
	EndGlobalSection
	GlobalSection(ProjectConfigurationPlatforms) = postSolution
		{9F206BE0-1899-4A03-B3D4-F76765A33E04}.Debug|Any CPU.ActiveCfg = Debug|Any CPU
		{9F206BE0-1899-4A03-B3D4-F76765A33E04}.Debug|Any CPU.Build.0 = Debug|Any CPU
		{9F206BE0-1899-4A03-B3D4-F76765A33E04}.Release|Any CPU.ActiveCfg = Release|Any CPU
		{9F206BE0-1899-4A03-B3D4-F76765A33E04}.Release|Any CPU.Build.0 = Release|Any CPU
	EndGlobalSection
	GlobalSection(SolutionProperties) = preSolution
		HideSolutionNode = FALSE
	EndGlobalSection
	GlobalSection(ExtensibilityGlobals) = postSolution
		SolutionGuid = {B500F235-1F5F-46E3-A788-0E134B688203}
	EndGlobalSection
EndGlobal
